// !$*UTF8*$!
{
	archiveVersion = 1;
	classes = {
	};
	objectVersion = 50;
	objects = {

/* Begin PBXBuildFile section */
		6D37CE7C24D3B3F0003C9862 /* AppDelegate.swift in Sources */ = {isa = PBXBuildFile; fileRef = 6D37CE7B24D3B3F0003C9862 /* AppDelegate.swift */; };
		6D37CE7E24D3B3F0003C9862 /* SceneDelegate.swift in Sources */ = {isa = PBXBuildFile; fileRef = 6D37CE7D24D3B3F0003C9862 /* SceneDelegate.swift */; };
		6D37CE8024D3B3F0003C9862 /* ViewController.swift in Sources */ = {isa = PBXBuildFile; fileRef = 6D37CE7F24D3B3F0003C9862 /* ViewController.swift */; };
		6D37CE8324D3B3F0003C9862 /* Main.storyboard in Resources */ = {isa = PBXBuildFile; fileRef = 6D37CE8124D3B3F0003C9862 /* Main.storyboard */; };
		6D37CE8524D3B3F2003C9862 /* Assets.xcassets in Resources */ = {isa = PBXBuildFile; fileRef = 6D37CE8424D3B3F2003C9862 /* Assets.xcassets */; };
		6D37CE8824D3B3F2003C9862 /* LaunchScreen.storyboard in Resources */ = {isa = PBXBuildFile; fileRef = 6D37CE8624D3B3F2003C9862 /* LaunchScreen.storyboard */; };
		6D37CE9324D3B3F2003C9862 /* GameOfLifeTests.swift in Sources */ = {isa = PBXBuildFile; fileRef = 6D37CE9224D3B3F2003C9862 /* GameOfLifeTests.swift */; };
		6D37CE9E24D3B3F2003C9862 /* GameOfLifeUITests.swift in Sources */ = {isa = PBXBuildFile; fileRef = 6D37CE9D24D3B3F2003C9862 /* GameOfLifeUITests.swift */; };
		6D37CEAD24D3B411003C9862 /* Game.swift in Sources */ = {isa = PBXBuildFile; fileRef = 6D37CEAC24D3B411003C9862 /* Game.swift */; };
/* End PBXBuildFile section */

/* Begin PBXContainerItemProxy section */
		6D37CE8F24D3B3F2003C9862 /* PBXContainerItemProxy */ = {
			isa = PBXContainerItemProxy;
			containerPortal = 6D37CE7024D3B3F0003C9862 /* Project object */;
			proxyType = 1;
			remoteGlobalIDString = 6D37CE7724D3B3F0003C9862;
			remoteInfo = GameOfLife;
		};
		6D37CE9A24D3B3F2003C9862 /* PBXContainerItemProxy */ = {
			isa = PBXContainerItemProxy;
			containerPortal = 6D37CE7024D3B3F0003C9862 /* Project object */;
			proxyType = 1;
			remoteGlobalIDString = 6D37CE7724D3B3F0003C9862;
			remoteInfo = GameOfLife;
		};
/* End PBXContainerItemProxy section */

/* Begin PBXFileReference section */
		6D37CE7824D3B3F0003C9862 /* GameOfLife.app */ = {isa = PBXFileReference; explicitFileType = wrapper.application; includeInIndex = 0; path = GameOfLife.app; sourceTree = BUILT_PRODUCTS_DIR; };
		6D37CE7B24D3B3F0003C9862 /* AppDelegate.swift */ = {isa = PBXFileReference; lastKnownFileType = sourcecode.swift; path = AppDelegate.swift; sourceTree = "<group>"; };
		6D37CE7D24D3B3F0003C9862 /* SceneDelegate.swift */ = {isa = PBXFileReference; lastKnownFileType = sourcecode.swift; path = SceneDelegate.swift; sourceTree = "<group>"; };
		6D37CE7F24D3B3F0003C9862 /* ViewController.swift */ = {isa = PBXFileReference; lastKnownFileType = sourcecode.swift; path = ViewController.swift; sourceTree = "<group>"; };
		6D37CE8224D3B3F0003C9862 /* Base */ = {isa = PBXFileReference; lastKnownFileType = file.storyboard; name = Base; path = Base.lproj/Main.storyboard; sourceTree = "<group>"; };
		6D37CE8424D3B3F2003C9862 /* Assets.xcassets */ = {isa = PBXFileReference; lastKnownFileType = folder.assetcatalog; path = Assets.xcassets; sourceTree = "<group>"; };
		6D37CE8724D3B3F2003C9862 /* Base */ = {isa = PBXFileReference; lastKnownFileType = file.storyboard; name = Base; path = Base.lproj/LaunchScreen.storyboard; sourceTree = "<group>"; };
		6D37CE8924D3B3F2003C9862 /* Info.plist */ = {isa = PBXFileReference; lastKnownFileType = text.plist.xml; path = Info.plist; sourceTree = "<group>"; };
		6D37CE8E24D3B3F2003C9862 /* GameOfLifeTests.xctest */ = {isa = PBXFileReference; explicitFileType = wrapper.cfbundle; includeInIndex = 0; path = GameOfLifeTests.xctest; sourceTree = BUILT_PRODUCTS_DIR; };
		6D37CE9224D3B3F2003C9862 /* GameOfLifeTests.swift */ = {isa = PBXFileReference; lastKnownFileType = sourcecode.swift; path = GameOfLifeTests.swift; sourceTree = "<group>"; };
		6D37CE9424D3B3F2003C9862 /* Info.plist */ = {isa = PBXFileReference; lastKnownFileType = text.plist.xml; path = Info.plist; sourceTree = "<group>"; };
		6D37CE9924D3B3F2003C9862 /* GameOfLifeUITests.xctest */ = {isa = PBXFileReference; explicitFileType = wrapper.cfbundle; includeInIndex = 0; path = GameOfLifeUITests.xctest; sourceTree = BUILT_PRODUCTS_DIR; };
		6D37CE9D24D3B3F2003C9862 /* GameOfLifeUITests.swift */ = {isa = PBXFileReference; lastKnownFileType = sourcecode.swift; path = GameOfLifeUITests.swift; sourceTree = "<group>"; };
		6D37CE9F24D3B3F2003C9862 /* Info.plist */ = {isa = PBXFileReference; lastKnownFileType = text.plist.xml; path = Info.plist; sourceTree = "<group>"; };
		6D37CEAC24D3B411003C9862 /* Game.swift */ = {isa = PBXFileReference; lastKnownFileType = sourcecode.swift; path = Game.swift; sourceTree = "<group>"; };
/* End PBXFileReference section */

/* Begin PBXFrameworksBuildPhase section */
		6D37CE7524D3B3F0003C9862 /* Frameworks */ = {
			isa = PBXFrameworksBuildPhase;
			buildActionMask = 2147483647;
			files = (
			);
			runOnlyForDeploymentPostprocessing = 0;
		};
		6D37CE8B24D3B3F2003C9862 /* Frameworks */ = {
			isa = PBXFrameworksBuildPhase;
			buildActionMask = 2147483647;
			files = (
			);
			runOnlyForDeploymentPostprocessing = 0;
		};
		6D37CE9624D3B3F2003C9862 /* Frameworks */ = {
			isa = PBXFrameworksBuildPhase;
			buildActionMask = 2147483647;
			files = (
			);
			runOnlyForDeploymentPostprocessing = 0;
		};
/* End PBXFrameworksBuildPhase section */

/* Begin PBXGroup section */
		6D37CE6F24D3B3F0003C9862 = {
			isa = PBXGroup;
			children = (
				6D37CE7A24D3B3F0003C9862 /* GameOfLife */,
				6D37CE9124D3B3F2003C9862 /* GameOfLifeTests */,
				6D37CE9C24D3B3F2003C9862 /* GameOfLifeUITests */,
				6D37CE7924D3B3F0003C9862 /* Products */,
			);
			sourceTree = "<group>";
		};
		6D37CE7924D3B3F0003C9862 /* Products */ = {
			isa = PBXGroup;
			children = (
				6D37CE7824D3B3F0003C9862 /* GameOfLife.app */,
				6D37CE8E24D3B3F2003C9862 /* GameOfLifeTests.xctest */,
				6D37CE9924D3B3F2003C9862 /* GameOfLifeUITests.xctest */,
			);
			name = Products;
			sourceTree = "<group>";
		};
		6D37CE7A24D3B3F0003C9862 /* GameOfLife */ = {
			isa = PBXGroup;
			children = (
				6D37CEAB24D3B3F9003C9862 /* Model */,
				6D37CE7B24D3B3F0003C9862 /* AppDelegate.swift */,
				6D37CE7D24D3B3F0003C9862 /* SceneDelegate.swift */,
				6D37CE7F24D3B3F0003C9862 /* ViewController.swift */,
				6D37CE8124D3B3F0003C9862 /* Main.storyboard */,
				6D37CE8424D3B3F2003C9862 /* Assets.xcassets */,
				6D37CE8624D3B3F2003C9862 /* LaunchScreen.storyboard */,
				6D37CE8924D3B3F2003C9862 /* Info.plist */,
			);
			path = GameOfLife;
			sourceTree = "<group>";
		};
		6D37CE9124D3B3F2003C9862 /* GameOfLifeTests */ = {
			isa = PBXGroup;
			children = (
				6D37CE9224D3B3F2003C9862 /* GameOfLifeTests.swift */,
				6D37CE9424D3B3F2003C9862 /* Info.plist */,
			);
			path = GameOfLifeTests;
			sourceTree = "<group>";
		};
		6D37CE9C24D3B3F2003C9862 /* GameOfLifeUITests */ = {
			isa = PBXGroup;
			children = (
				6D37CE9D24D3B3F2003C9862 /* GameOfLifeUITests.swift */,
				6D37CE9F24D3B3F2003C9862 /* Info.plist */,
			);
			path = GameOfLifeUITests;
			sourceTree = "<group>";
		};
		6D37CEAB24D3B3F9003C9862 /* Model */ = {
			isa = PBXGroup;
			children = (
				6D37CEAC24D3B411003C9862 /* Game.swift */,
			);
			path = Model;
			sourceTree = "<group>";
		};
/* End PBXGroup section */

/* Begin PBXNativeTarget section */
		6D37CE7724D3B3F0003C9862 /* GameOfLife */ = {
			isa = PBXNativeTarget;
			buildConfigurationList = 6D37CEA224D3B3F2003C9862 /* Build configuration list for PBXNativeTarget "GameOfLife" */;
			buildPhases = (
				6D37CE7424D3B3F0003C9862 /* Sources */,
				6D37CE7524D3B3F0003C9862 /* Frameworks */,
				6D37CE7624D3B3F0003C9862 /* Resources */,
			);
			buildRules = (
			);
			dependencies = (
			);
			name = GameOfLife;
			productName = GameOfLife;
			productReference = 6D37CE7824D3B3F0003C9862 /* GameOfLife.app */;
			productType = "com.apple.product-type.application";
		};
		6D37CE8D24D3B3F2003C9862 /* GameOfLifeTests */ = {
			isa = PBXNativeTarget;
			buildConfigurationList = 6D37CEA524D3B3F2003C9862 /* Build configuration list for PBXNativeTarget "GameOfLifeTests" */;
			buildPhases = (
				6D37CE8A24D3B3F2003C9862 /* Sources */,
				6D37CE8B24D3B3F2003C9862 /* Frameworks */,
				6D37CE8C24D3B3F2003C9862 /* Resources */,
			);
			buildRules = (
			);
			dependencies = (
				6D37CE9024D3B3F2003C9862 /* PBXTargetDependency */,
			);
			name = GameOfLifeTests;
			productName = GameOfLifeTests;
			productReference = 6D37CE8E24D3B3F2003C9862 /* GameOfLifeTests.xctest */;
			productType = "com.apple.product-type.bundle.unit-test";
		};
		6D37CE9824D3B3F2003C9862 /* GameOfLifeUITests */ = {
			isa = PBXNativeTarget;
			buildConfigurationList = 6D37CEA824D3B3F2003C9862 /* Build configuration list for PBXNativeTarget "GameOfLifeUITests" */;
			buildPhases = (
				6D37CE9524D3B3F2003C9862 /* Sources */,
				6D37CE9624D3B3F2003C9862 /* Frameworks */,
				6D37CE9724D3B3F2003C9862 /* Resources */,
			);
			buildRules = (
			);
			dependencies = (
				6D37CE9B24D3B3F2003C9862 /* PBXTargetDependency */,
			);
			name = GameOfLifeUITests;
			productName = GameOfLifeUITests;
			productReference = 6D37CE9924D3B3F2003C9862 /* GameOfLifeUITests.xctest */;
			productType = "com.apple.product-type.bundle.ui-testing";
		};
/* End PBXNativeTarget section */

/* Begin PBXProject section */
		6D37CE7024D3B3F0003C9862 /* Project object */ = {
			isa = PBXProject;
			attributes = {
				LastSwiftUpdateCheck = 1160;
				LastUpgradeCheck = 1160;
				ORGANIZATIONNAME = "Kerby Jean";
				TargetAttributes = {
					6D37CE7724D3B3F0003C9862 = {
						CreatedOnToolsVersion = 11.6;
					};
					6D37CE8D24D3B3F2003C9862 = {
						CreatedOnToolsVersion = 11.6;
						TestTargetID = 6D37CE7724D3B3F0003C9862;
					};
					6D37CE9824D3B3F2003C9862 = {
						CreatedOnToolsVersion = 11.6;
						TestTargetID = 6D37CE7724D3B3F0003C9862;
					};
				};
			};
			buildConfigurationList = 6D37CE7324D3B3F0003C9862 /* Build configuration list for PBXProject "GameOfLife" */;
			compatibilityVersion = "Xcode 9.3";
			developmentRegion = en;
			hasScannedForEncodings = 0;
			knownRegions = (
				en,
				Base,
			);
			mainGroup = 6D37CE6F24D3B3F0003C9862;
			productRefGroup = 6D37CE7924D3B3F0003C9862 /* Products */;
			projectDirPath = "";
			projectRoot = "";
			targets = (
				6D37CE7724D3B3F0003C9862 /* GameOfLife */,
				6D37CE8D24D3B3F2003C9862 /* GameOfLifeTests */,
				6D37CE9824D3B3F2003C9862 /* GameOfLifeUITests */,
			);
		};
/* End PBXProject section */

/* Begin PBXResourcesBuildPhase section */
		6D37CE7624D3B3F0003C9862 /* Resources */ = {
			isa = PBXResourcesBuildPhase;
			buildActionMask = 2147483647;
			files = (
				6D37CE8824D3B3F2003C9862 /* LaunchScreen.storyboard in Resources */,
				6D37CE8524D3B3F2003C9862 /* Assets.xcassets in Resources */,
				6D37CE8324D3B3F0003C9862 /* Main.storyboard in Resources */,
			);
			runOnlyForDeploymentPostprocessing = 0;
		};
		6D37CE8C24D3B3F2003C9862 /* Resources */ = {
			isa = PBXResourcesBuildPhase;
			buildActionMask = 2147483647;
			files = (
			);
			runOnlyForDeploymentPostprocessing = 0;
		};
		6D37CE9724D3B3F2003C9862 /* Resources */ = {
			isa = PBXResourcesBuildPhase;
			buildActionMask = 2147483647;
			files = (
			);
			runOnlyForDeploymentPostprocessing = 0;
		};
/* End PBXResourcesBuildPhase section */

/* Begin PBXSourcesBuildPhase section */
		6D37CE7424D3B3F0003C9862 /* Sources */ = {
			isa = PBXSourcesBuildPhase;
			buildActionMask = 2147483647;
			files = (
				6D37CE8024D3B3F0003C9862 /* ViewController.swift in Sources */,
				6D37CE7C24D3B3F0003C9862 /* AppDelegate.swift in Sources */,
				6D37CE7E24D3B3F0003C9862 /* SceneDelegate.swift in Sources */,
				6D37CEAD24D3B411003C9862 /* Game.swift in Sources */,
			);
			runOnlyForDeploymentPostprocessing = 0;
		};
		6D37CE8A24D3B3F2003C9862 /* Sources */ = {
			isa = PBXSourcesBuildPhase;
			buildActionMask = 2147483647;
			files = (
				6D37CE9324D3B3F2003C9862 /* GameOfLifeTests.swift in Sources */,
			);
			runOnlyForDeploymentPostprocessing = 0;
		};
		6D37CE9524D3B3F2003C9862 /* Sources */ = {
			isa = PBXSourcesBuildPhase;
			buildActionMask = 2147483647;
			files = (
				6D37CE9E24D3B3F2003C9862 /* GameOfLifeUITests.swift in Sources */,
			);
			runOnlyForDeploymentPostprocessing = 0;
		};
/* End PBXSourcesBuildPhase section */

/* Begin PBXTargetDependency section */
		6D37CE9024D3B3F2003C9862 /* PBXTargetDependency */ = {
			isa = PBXTargetDependency;
			target = 6D37CE7724D3B3F0003C9862 /* GameOfLife */;
			targetProxy = 6D37CE8F24D3B3F2003C9862 /* PBXContainerItemProxy */;
		};
		6D37CE9B24D3B3F2003C9862 /* PBXTargetDependency */ = {
			isa = PBXTargetDependency;
			target = 6D37CE7724D3B3F0003C9862 /* GameOfLife */;
			targetProxy = 6D37CE9A24D3B3F2003C9862 /* PBXContainerItemProxy */;
		};
/* End PBXTargetDependency section */

/* Begin PBXVariantGroup section */
		6D37CE8124D3B3F0003C9862 /* Main.storyboard */ = {
			isa = PBXVariantGroup;
			children = (
				6D37CE8224D3B3F0003C9862 /* Base */,
			);
			name = Main.storyboard;
			sourceTree = "<group>";
		};
		6D37CE8624D3B3F2003C9862 /* LaunchScreen.storyboard */ = {
			isa = PBXVariantGroup;
			children = (
				6D37CE8724D3B3F2003C9862 /* Base */,
			);
			name = LaunchScreen.storyboard;
			sourceTree = "<group>";
		};
/* End PBXVariantGroup section */

/* Begin XCBuildConfiguration section */
		6D37CEA024D3B3F2003C9862 /* Debug */ = {
			isa = XCBuildConfiguration;
			buildSettings = {
				ALWAYS_SEARCH_USER_PATHS = NO;
				CLANG_ANALYZER_NONNULL = YES;
				CLANG_ANALYZER_NUMBER_OBJECT_CONVERSION = YES_AGGRESSIVE;
				CLANG_CXX_LANGUAGE_STANDARD = "gnu++14";
				CLANG_CXX_LIBRARY = "libc++";
				CLANG_ENABLE_MODULES = YES;
				CLANG_ENABLE_OBJC_ARC = YES;
				CLANG_ENABLE_OBJC_WEAK = YES;
				CLANG_WARN_BLOCK_CAPTURE_AUTORELEASING = YES;
				CLANG_WARN_BOOL_CONVERSION = YES;
				CLANG_WARN_COMMA = YES;
				CLANG_WARN_CONSTANT_CONVERSION = YES;
				CLANG_WARN_DEPRECATED_OBJC_IMPLEMENTATIONS = YES;
				CLANG_WARN_DIRECT_OBJC_ISA_USAGE = YES_ERROR;
				CLANG_WARN_DOCUMENTATION_COMMENTS = YES;
				CLANG_WARN_EMPTY_BODY = YES;
				CLANG_WARN_ENUM_CONVERSION = YES;
				CLANG_WARN_INFINITE_RECURSION = YES;
				CLANG_WARN_INT_CONVERSION = YES;
				CLANG_WARN_NON_LITERAL_NULL_CONVERSION = YES;
				CLANG_WARN_OBJC_IMPLICIT_RETAIN_SELF = YES;
				CLANG_WARN_OBJC_LITERAL_CONVERSION = YES;
				CLANG_WARN_OBJC_ROOT_CLASS = YES_ERROR;
				CLANG_WARN_RANGE_LOOP_ANALYSIS = YES;
				CLANG_WARN_STRICT_PROTOTYPES = YES;
				CLANG_WARN_SUSPICIOUS_MOVE = YES;
				CLANG_WARN_UNGUARDED_AVAILABILITY = YES_AGGRESSIVE;
				CLANG_WARN_UNREACHABLE_CODE = YES;
				CLANG_WARN__DUPLICATE_METHOD_MATCH = YES;
				COPY_PHASE_STRIP = NO;
				DEBUG_INFORMATION_FORMAT = dwarf;
				ENABLE_STRICT_OBJC_MSGSEND = YES;
				ENABLE_TESTABILITY = YES;
				GCC_C_LANGUAGE_STANDARD = gnu11;
				GCC_DYNAMIC_NO_PIC = NO;
				GCC_NO_COMMON_BLOCKS = YES;
				GCC_OPTIMIZATION_LEVEL = 0;
				GCC_PREPROCESSOR_DEFINITIONS = (
					"DEBUG=1",
					"$(inherited)",
				);
				GCC_WARN_64_TO_32_BIT_CONVERSION = YES;
				GCC_WARN_ABOUT_RETURN_TYPE = YES_ERROR;
				GCC_WARN_UNDECLARED_SELECTOR = YES;
				GCC_WARN_UNINITIALIZED_AUTOS = YES_AGGRESSIVE;
				GCC_WARN_UNUSED_FUNCTION = YES;
				GCC_WARN_UNUSED_VARIABLE = YES;
				IPHONEOS_DEPLOYMENT_TARGET = 13.6;
				MTL_ENABLE_DEBUG_INFO = INCLUDE_SOURCE;
				MTL_FAST_MATH = YES;
				ONLY_ACTIVE_ARCH = YES;
				SDKROOT = iphoneos;
				SWIFT_ACTIVE_COMPILATION_CONDITIONS = DEBUG;
				SWIFT_OPTIMIZATION_LEVEL = "-Onone";
			};
			name = Debug;
		};
		6D37CEA124D3B3F2003C9862 /* Release */ = {
			isa = XCBuildConfiguration;
			buildSettings = {
				ALWAYS_SEARCH_USER_PATHS = NO;
				CLANG_ANALYZER_NONNULL = YES;
				CLANG_ANALYZER_NUMBER_OBJECT_CONVERSION = YES_AGGRESSIVE;
				CLANG_CXX_LANGUAGE_STANDARD = "gnu++14";
				CLANG_CXX_LIBRARY = "libc++";
				CLANG_ENABLE_MODULES = YES;
				CLANG_ENABLE_OBJC_ARC = YES;
				CLANG_ENABLE_OBJC_WEAK = YES;
				CLANG_WARN_BLOCK_CAPTURE_AUTORELEASING = YES;
				CLANG_WARN_BOOL_CONVERSION = YES;
				CLANG_WARN_COMMA = YES;
				CLANG_WARN_CONSTANT_CONVERSION = YES;
				CLANG_WARN_DEPRECATED_OBJC_IMPLEMENTATIONS = YES;
				CLANG_WARN_DIRECT_OBJC_ISA_USAGE = YES_ERROR;
				CLANG_WARN_DOCUMENTATION_COMMENTS = YES;
				CLANG_WARN_EMPTY_BODY = YES;
				CLANG_WARN_ENUM_CONVERSION = YES;
				CLANG_WARN_INFINITE_RECURSION = YES;
				CLANG_WARN_INT_CONVERSION = YES;
				CLANG_WARN_NON_LITERAL_NULL_CONVERSION = YES;
				CLANG_WARN_OBJC_IMPLICIT_RETAIN_SELF = YES;
				CLANG_WARN_OBJC_LITERAL_CONVERSION = YES;
				CLANG_WARN_OBJC_ROOT_CLASS = YES_ERROR;
				CLANG_WARN_RANGE_LOOP_ANALYSIS = YES;
				CLANG_WARN_STRICT_PROTOTYPES = YES;
				CLANG_WARN_SUSPICIOUS_MOVE = YES;
				CLANG_WARN_UNGUARDED_AVAILABILITY = YES_AGGRESSIVE;
				CLANG_WARN_UNREACHABLE_CODE = YES;
				CLANG_WARN__DUPLICATE_METHOD_MATCH = YES;
				COPY_PHASE_STRIP = NO;
				DEBUG_INFORMATION_FORMAT = "dwarf-with-dsym";
				ENABLE_NS_ASSERTIONS = NO;
				ENABLE_STRICT_OBJC_MSGSEND = YES;
				GCC_C_LANGUAGE_STANDARD = gnu11;
				GCC_NO_COMMON_BLOCKS = YES;
				GCC_WARN_64_TO_32_BIT_CONVERSION = YES;
				GCC_WARN_ABOUT_RETURN_TYPE = YES_ERROR;
				GCC_WARN_UNDECLARED_SELECTOR = YES;
				GCC_WARN_UNINITIALIZED_AUTOS = YES_AGGRESSIVE;
				GCC_WARN_UNUSED_FUNCTION = YES;
				GCC_WARN_UNUSED_VARIABLE = YES;
				IPHONEOS_DEPLOYMENT_TARGET = 13.6;
				MTL_ENABLE_DEBUG_INFO = NO;
				MTL_FAST_MATH = YES;
				SDKROOT = iphoneos;
				SWIFT_COMPILATION_MODE = wholemodule;
				SWIFT_OPTIMIZATION_LEVEL = "-O";
				VALIDATE_PRODUCT = YES;
			};
			name = Release;
		};
		6D37CEA324D3B3F2003C9862 /* Debug */ = {
			isa = XCBuildConfiguration;
			buildSettings = {
				ASSETCATALOG_COMPILER_APPICON_NAME = AppIcon;
				CODE_SIGN_STYLE = Automatic;
				DEVELOPMENT_TEAM = GF728A45JE;
				INFOPLIST_FILE = GameOfLife/Info.plist;
				LD_RUNPATH_SEARCH_PATHS = (
					"$(inherited)",
					"@executable_path/Frameworks",
				);
				PRODUCT_BUNDLE_IDENTIFIER = kurbs.com.GameOfLife;
				PRODUCT_NAME = "$(TARGET_NAME)";
				SWIFT_VERSION = 5.0;
				TARGETED_DEVICE_FAMILY = "1,2";
			};
			name = Debug;
		};
		6D37CEA424D3B3F2003C9862 /* Release */ = {
			isa = XCBuildConfiguration;
			buildSettings = {
				ASSETCATALOG_COMPILER_APPICON_NAME = AppIcon;
				CODE_SIGN_STYLE = Automatic;
				DEVELOPMENT_TEAM = GF728A45JE;
				INFOPLIST_FILE = GameOfLife/Info.plist;
				LD_RUNPATH_SEARCH_PATHS = (
					"$(inherited)",
					"@executable_path/Frameworks",
				);
				PRODUCT_BUNDLE_IDENTIFIER = kurbs.com.GameOfLife;
				PRODUCT_NAME = "$(TARGET_NAME)";
				SWIFT_VERSION = 5.0;
				TARGETED_DEVICE_FAMILY = "1,2";
			};
			name = Release;
		};
		6D37CEA624D3B3F2003C9862 /* Debug */ = {
			isa = XCBuildConfiguration;
			buildSettings = {
				ALWAYS_EMBED_SWIFT_STANDARD_LIBRARIES = YES;
				BUNDLE_LOADER = "$(TEST_HOST)";
				CODE_SIGN_STYLE = Automatic;
				DEVELOPMENT_TEAM = GF728A45JE;
				INFOPLIST_FILE = GameOfLifeTests/Info.plist;
				IPHONEOS_DEPLOYMENT_TARGET = 13.6;
				LD_RUNPATH_SEARCH_PATHS = (
					"$(inherited)",
					"@executable_path/Frameworks",
					"@loader_path/Frameworks",
				);
				PRODUCT_BUNDLE_IDENTIFIER = kurbs.com.GameOfLifeTests;
				PRODUCT_NAME = "$(TARGET_NAME)";
				SWIFT_VERSION = 5.0;
				TARGETED_DEVICE_FAMILY = "1,2";
				TEST_HOST = "$(BUILT_PRODUCTS_DIR)/GameOfLife.app/GameOfLife";
			};
			name = Debug;
		};
		6D37CEA724D3B3F2003C9862 /* Release */ = {
			isa = XCBuildConfiguration;
			buildSettings = {
				ALWAYS_EMBED_SWIFT_STANDARD_LIBRARIES = YES;
				BUNDLE_LOADER = "$(TEST_HOST)";
				CODE_SIGN_STYLE = Automatic;
				DEVELOPMENT_TEAM = GF728A45JE;
				INFOPLIST_FILE = GameOfLifeTests/Info.plist;
				IPHONEOS_DEPLOYMENT_TARGET = 13.6;
				LD_RUNPATH_SEARCH_PATHS = (
					"$(inherited)",
					"@executable_path/Frameworks",
					"@loader_path/Frameworks",
				);
				PRODUCT_BUNDLE_IDENTIFIER = kurbs.com.GameOfLifeTests;
				PRODUCT_NAME = "$(TARGET_NAME)";
				SWIFT_VERSION = 5.0;
				TARGETED_DEVICE_FAMILY = "1,2";
				TEST_HOST = "$(BUILT_PRODUCTS_DIR)/GameOfLife.app/GameOfLife";
			};
			name = Release;
		};
		6D37CEA924D3B3F2003C9862 /* Debug */ = {
			isa = XCBuildConfiguration;
			buildSettings = {
				ALWAYS_EMBED_SWIFT_STANDARD_LIBRARIES = YES;
				CODE_SIGN_STYLE = Automatic;
				DEVELOPMENT_TEAM = GF728A45JE;
				INFOPLIST_FILE = GameOfLifeUITests/Info.plist;
				LD_RUNPATH_SEARCH_PATHS = (
					"$(inherited)",
					"@executable_path/Frameworks",
					"@loader_path/Frameworks",
				);
				PRODUCT_BUNDLE_IDENTIFIER = kurbs.com.GameOfLifeUITests;
				PRODUCT_NAME = "$(TARGET_NAME)";
				SWIFT_VERSION = 5.0;
				TARGETED_DEVICE_FAMILY = "1,2";
				TEST_TARGET_NAME = GameOfLife;
			};
			name = Debug;
		};
		6D37CEAA24D3B3F2003C9862 /* Release */ = {
			isa = XCBuildConfiguration;
			buildSettings = {
				ALWAYS_EMBED_SWIFT_STANDARD_LIBRARIES = YES;
				CODE_SIGN_STYLE = Automatic;
				DEVELOPMENT_TEAM = GF728A45JE;
				INFOPLIST_FILE = GameOfLifeUITests/Info.plist;
				LD_RUNPATH_SEARCH_PATHS = (
					"$(inherited)",
					"@executable_path/Frameworks",
					"@loader_path/Frameworks",
				);
				PRODUCT_BUNDLE_IDENTIFIER = kurbs.com.GameOfLifeUITests;
				PRODUCT_NAME = "$(TARGET_NAME)";
				SWIFT_VERSION = 5.0;
				TARGETED_DEVICE_FAMILY = "1,2";
				TEST_TARGET_NAME = GameOfLife;
			};
			name = Release;
		};
/* End XCBuildConfiguration section */

/* Begin XCConfigurationList section */
		6D37CE7324D3B3F0003C9862 /* Build configuration list for PBXProject "GameOfLife" */ = {
			isa = XCConfigurationList;
			buildConfigurations = (
				6D37CEA024D3B3F2003C9862 /* Debug */,
				6D37CEA124D3B3F2003C9862 /* Release */,
			);
			defaultConfigurationIsVisible = 0;
			defaultConfigurationName = Release;
		};
		6D37CEA224D3B3F2003C9862 /* Build configuration list for PBXNativeTarget "GameOfLife" */ = {
			isa = XCConfigurationList;
			buildConfigurations = (
				6D37CEA324D3B3F2003C9862 /* Debug */,
				6D37CEA424D3B3F2003C9862 /* Release */,
			);
			defaultConfigurationIsVisible = 0;
			defaultConfigurationName = Release;
		};
		6D37CEA524D3B3F2003C9862 /* Build configuration list for PBXNativeTarget "GameOfLifeTests" */ = {
			isa = XCConfigurationList;
			buildConfigurations = (
				6D37CEA624D3B3F2003C9862 /* Debug */,
				6D37CEA724D3B3F2003C9862 /* Release */,
			);
			defaultConfigurationIsVisible = 0;
			defaultConfigurationName = Release;
		};
		6D37CEA824D3B3F2003C9862 /* Build configuration list for PBXNativeTarget "GameOfLifeUITests" */ = {
			isa = XCConfigurationList;
			buildConfigurations = (
				6D37CEA924D3B3F2003C9862 /* Debug */,
				6D37CEAA24D3B3F2003C9862 /* Release */,
			);
			defaultConfigurationIsVisible = 0;
			defaultConfigurationName = Release;
		};
/* End XCConfigurationList section */
	};
	rootObject = 6D37CE7024D3B3F0003C9862 /* Project object */;
}
